
Microsoft Visual Studio Solution File, Format Version 12.00
# Visual Studio Version 16
VisualStudioVersion = 16.0.31624.102
MinimumVisualStudioVersion = 10.0.40219.1
Project("{FAE04EC0-301F-11D3-BF4B-00C04F79EFBC}") = "SystemAlarmClock", "SystemAlarmClock.csproj", "{D67A546A-6B92-4DDD-BB00-2FE87830DBF6}"
EndProject
Project("{FAE04EC0-301F-11D3-BF4B-00C04F79EFBC}") = "TESTINGPROGRAMM", "TESTINGPROGRAMM\TESTINGPROGRAMM.csproj", "{3B8802D1-C0D6-4B5D-82E7-C09CCFC1432A}"
EndProject
Global
	GlobalSection(SolutionConfigurationPlatforms) = preSolution
		Debug|Any CPU = Debug|Any CPU
		Release|Any CPU = Release|Any CPU
	EndGlobalSection
	GlobalSection(ProjectConfigurationPlatforms) = postSolution
		{D67A546A-6B92-4DDD-BB00-2FE87830DBF6}.Debug|Any CPU.ActiveCfg = Debug|Any CPU
		{D67A546A-6B92-4DDD-BB00-2FE87830DBF6}.Debug|Any CPU.Build.0 = Debug|Any CPU
		{D67A546A-6B92-4DDD-BB00-2FE87830DBF6}.Release|Any CPU.ActiveCfg = Release|Any CPU
		{D67A546A-6B92-4DDD-BB00-2FE87830DBF6}.Release|Any CPU.Build.0 = Release|Any CPU
		{3B8802D1-C0D6-4B5D-82E7-C09CCFC1432A}.Debug|Any CPU.ActiveCfg = Debug|Any CPU
		{3B8802D1-C0D6-4B5D-82E7-C09CCFC1432A}.Debug|Any CPU.Build.0 = Debug|Any CPU
		{3B8802D1-C0D6-4B5D-82E7-C09CCFC1432A}.Release|Any CPU.ActiveCfg = Release|Any CPU
		{3B8802D1-C0D6-4B5D-82E7-C09CCFC1432A}.Release|Any CPU.Build.0 = Release|Any CPU
	EndGlobalSection
	GlobalSection(SolutionProperties) = preSolution
		HideSolutionNode = FALSE
	EndGlobalSection
	GlobalSection(ExtensibilityGlobals) = postSolution
		SolutionGuid = {A10E57D4-A94E-4E1D-AE20-3BFE9725452F}
	EndGlobalSection
EndGlobal
